<?xml version="1.0" encoding="utf-8"?>
<Project ToolsVersion="4.0" xmlns="http://schemas.microsoft.com/developer/msbuild/2003">
  <ItemGroup>
    <Filter Include="소스 파일">
      <UniqueIdentifier>{4FC737F1-C7A5-4376-A066-2A32D752A2FF}</UniqueIdentifier>
      <Extensions>cpp;c;cc;cxx;c++;cppm;ixx;def;odl;idl;hpj;bat;asm;asmx</Extensions>
    </Filter>
    <Filter Include="헤더 파일">
      <UniqueIdentifier>{93995380-89BD-4b04-88EB-625FBE52EBFB}</UniqueIdentifier>
      <Extensions>h;hh;hpp;hxx;h++;hm;inl;inc;ipp;xsd</Extensions>
    </Filter>
    <Filter Include="리소스 파일">
      <UniqueIdentifier>{67DA6AB6-F800-4c08-8B7A-83BB121AAD01}</UniqueIdentifier>
      <Extensions>rc;ico;cur;bmp;dlg;rc2;rct;bin;rgs;gif;jpg;jpeg;jpe;resx;tiff;tif;png;wav;mfcribbon-ms</Extensions>
    </Filter>
    <Filter Include="소스 파일\frame">
      <UniqueIdentifier>{e11727d9-3211-433d-8525-8d17c745d245}</UniqueIdentifier>
    </Filter>
    <Filter Include="헤더 파일\frame">
      <UniqueIdentifier>{64aa09df-08e3-498c-89de-899e7ce79f03}</UniqueIdentifier>
    </Filter>
    <Filter Include="소스 파일\game">
      <UniqueIdentifier>{081d6320-1cf5-4ee7-9030-f9d9b1610946}</UniqueIdentifier>
    </Filter>
    <Filter Include="헤더 파일\game">
      <UniqueIdentifier>{dca213fa-ca8a-4656-aa05-1035baf02ddb}</UniqueIdentifier>
    </Filter>
    <Filter Include="헤더 파일\frame\mainMenuFrame">
      <UniqueIdentifier>{a990a91d-922e-4578-a431-d7ecb0b926e7}</UniqueIdentifier>
    </Filter>
    <Filter Include="소스 파일\frame\mainMenuFrame">
      <UniqueIdentifier>{88ac3781-57f3-440d-906c-de78f0e12537}</UniqueIdentifier>
    </Filter>
    <Filter Include="소스 파일\window">
      <UniqueIdentifier>{10dcf3bc-7f0f-4e61-a657-4d79e61689ff}</UniqueIdentifier>
    </Filter>
    <Filter Include="소스 파일\frame\GameFrame">
      <UniqueIdentifier>{1f173de5-e65c-429a-8b63-f742fa3dd3f2}</UniqueIdentifier>
    </Filter>
    <Filter Include="헤더 파일\window">
      <UniqueIdentifier>{ad7dd478-ce05-4b4a-94e4-d07385b39f44}</UniqueIdentifier>
    </Filter>
    <Filter Include="소스 파일\element">
      <UniqueIdentifier>{b329d335-d5c0-4e2b-bbf4-ed537d22405e}</UniqueIdentifier>
    </Filter>
    <Filter Include="헤더 파일\element">
      <UniqueIdentifier>{407cc704-4ba3-47d6-9c91-14e2276f96d7}</UniqueIdentifier>
    </Filter>
    <Filter Include="헤더 파일\frame\GameFrame">
      <UniqueIdentifier>{1f1fcf2d-0e7c-4214-88c6-58bbf7c91be8}</UniqueIdentifier>
    </Filter>
  </ItemGroup>
  <ItemGroup>
    <ClCompile Include="main.c">
      <Filter>소스 파일</Filter>
    </ClCompile>
    <ClCompile Include="mainGame.c">
      <Filter>소스 파일\game</Filter>
    </ClCompile>
    <ClCompile Include="gameData.c">
      <Filter>소스 파일\game</Filter>
    </ClCompile>
    <ClCompile Include="logoframe.c">
      <Filter>소스 파일\frame\mainMenuFrame</Filter>
    </ClCompile>
    <ClCompile Include="mainMenuFrame.c">
      <Filter>소스 파일\frame\mainMenuFrame</Filter>
    </ClCompile>
    <ClCompile Include="gameWindow.c">
      <Filter>소스 파일\window</Filter>
    </ClCompile>
    <ClCompile Include="mainWindow.c">
      <Filter>소스 파일\window</Filter>
    </ClCompile>
    <ClCompile Include="optionWindow.c">
      <Filter>소스 파일\window</Filter>
    </ClCompile>
    <ClCompile Include="gameSystem.c">
      <Filter>소스 파일\game</Filter>
    </ClCompile>
    <ClCompile Include="gameFrame.c">
      <Filter>소스 파일\frame\GameFrame</Filter>
    </ClCompile>
    <ClCompile Include="gameScoreFrame.c">
      <Filter>소스 파일\frame\GameFrame</Filter>
    </ClCompile>
  </ItemGroup>
  <ItemGroup>
    <ClInclude Include="mainGame.h">
      <Filter>헤더 파일\game</Filter>
    </ClInclude>
    <ClInclude Include="gameData.h">
      <Filter>헤더 파일\game</Filter>
    </ClInclude>
    <ClInclude Include="logoframe.h">
      <Filter>헤더 파일\frame\mainMenuFrame</Filter>
    </ClInclude>
    <ClInclude Include="mainMenuFrame.h">
      <Filter>헤더 파일\frame\mainMenuFrame</Filter>
    </ClInclude>
    <ClInclude Include="gameSystem.h">
      <Filter>헤더 파일\game</Filter>
    </ClInclude>
    <ClInclude Include="gameWindow.h">
      <Filter>헤더 파일\window</Filter>
    </ClInclude>
    <ClInclude Include="mainWindow.h">
      <Filter>헤더 파일\window</Filter>
    </ClInclude>
    <ClInclude Include="gameFrame.h">
      <Filter>헤더 파일\frame\GameFrame</Filter>
    </ClInclude>
    <ClInclude Include="gameScoreFrame.h">
      <Filter>헤더 파일\frame\GameFrame</Filter>
    </ClInclude>
    <ClInclude Include="optionWindow.h">
      <Filter>헤더 파일\window</Filter>
    </ClInclude>
  </ItemGroup>
</Project>